// !$*UTF8*$!
{
	archiveVersion = 1;
	classes = {
	};
	objectVersion = 77;
	objects = {

/* Begin PBXContainerItemProxy section */
		2FC932E12DB0996900D52C10 /* PBXContainerItemProxy */ = {
			isa = PBXContainerItemProxy;
			containerPortal = 2FC932C22DB0996700D52C10 /* Project object */;
			proxyType = 1;
			remoteGlobalIDString = 2FC932C92DB0996700D52C10;
			remoteInfo = "Lab3-button";
		};
		2FC932EB2DB0996900D52C10 /* PBXContainerItemProxy */ = {
			isa = PBXContainerItemProxy;
			containerPortal = 2FC932C22DB0996700D52C10 /* Project object */;
			proxyType = 1;
			remoteGlobalIDString = 2FC932C92DB0996700D52C10;
			remoteInfo = "Lab3-button";
		};
/* End PBXContainerItemProxy section */

/* Begin PBXFileReference section */
		2FC932CA2DB0996700D52C10 /* Lab3-button.app */ = {isa = PBXFileReference; explicitFileType = wrapper.application; includeInIndex = 0; path = "Lab3-button.app"; sourceTree = BUILT_PRODUCTS_DIR; };
		2FC932E02DB0996900D52C10 /* Lab3-buttonTests.xctest */ = {isa = PBXFileReference; explicitFileType = wrapper.cfbundle; includeInIndex = 0; path = "Lab3-buttonTests.xctest"; sourceTree = BUILT_PRODUCTS_DIR; };
		2FC932EA2DB0996900D52C10 /* Lab3-buttonUITests.xctest */ = {isa = PBXFileReference; explicitFileType = wrapper.cfbundle; includeInIndex = 0; path = "Lab3-buttonUITests.xctest"; sourceTree = BUILT_PRODUCTS_DIR; };
/* End PBXFileReference section */

/* Begin PBXFileSystemSynchronizedBuildFileExceptionSet section */
		2FC932F22DB0996900D52C10 /* Exceptions for "Lab3-button" folder in "Lab3-button" target */ = {
			isa = PBXFileSystemSynchronizedBuildFileExceptionSet;
			membershipExceptions = (
				Info.plist,
			);
			target = 2FC932C92DB0996700D52C10 /* Lab3-button */;
		};
/* End PBXFileSystemSynchronizedBuildFileExceptionSet section */

/* Begin PBXFileSystemSynchronizedRootGroup section */
		2FC932CC2DB0996700D52C10 /* Lab3-button */ = {
			isa = PBXFileSystemSynchronizedRootGroup;
			exceptions = (
				2FC932F22DB0996900D52C10 /* Exceptions for "Lab3-button" folder in "Lab3-button" target */,
			);
			path = "Lab3-button";
			sourceTree = "<group>";
		};
		2FC932E32DB0996900D52C10 /* Lab3-buttonTests */ = {
			isa = PBXFileSystemSynchronizedRootGroup;
			path = "Lab3-buttonTests";
			sourceTree = "<group>";
		};
		2FC932ED2DB0996900D52C10 /* Lab3-buttonUITests */ = {
			isa = PBXFileSystemSynchronizedRootGroup;
			path = "Lab3-buttonUITests";
			sourceTree = "<group>";
		};
/* End PBXFileSystemSynchronizedRootGroup section */

/* Begin PBXFrameworksBuildPhase section */
		2FC932C72DB0996700D52C10 /* Frameworks */ = {
			isa = PBXFrameworksBuildPhase;
			buildActionMask = 2147483647;
			files = (
			);
			runOnlyForDeploymentPostprocessing = 0;
		};
		2FC932DD2DB0996900D52C10 /* Frameworks */ = {
			isa = PBXFrameworksBuildPhase;
			buildActionMask = 2147483647;
			files = (
			);
			runOnlyForDeploymentPostprocessing = 0;
		};
		2FC932E72DB0996900D52C10 /* Frameworks */ = {
			isa = PBXFrameworksBuildPhase;
			buildActionMask = 2147483647;
			files = (
			);
			runOnlyForDeploymentPostprocessing = 0;
		};
/* End PBXFrameworksBuildPhase section */

/* Begin PBXGroup section */
		2FC932C12DB0996700D52C10 = {
			isa = PBXGroup;
			children = (
				2FC932CC2DB0996700D52C10 /* Lab3-button */,
				2FC932E32DB0996900D52C10 /* Lab3-buttonTests */,
				2FC932ED2DB0996900D52C10 /* Lab3-buttonUITests */,
				2FC932CB2DB0996700D52C10 /* Products */,
			);
			sourceTree = "<group>";
		};
		2FC932CB2DB0996700D52C10 /* Products */ = {
			isa = PBXGroup;
			children = (
				2FC932CA2DB0996700D52C10 /* Lab3-button.app */,
				2FC932E02DB0996900D52C10 /* Lab3-buttonTests.xctest */,
				2FC932EA2DB0996900D52C10 /* Lab3-buttonUITests.xctest */,
			);
			name = Products;
			sourceTree = "<group>";
		};
/* End PBXGroup section */

/* Begin PBXNativeTarget section */
		2FC932C92DB0996700D52C10 /* Lab3-button */ = {
			isa = PBXNativeTarget;
			buildConfigurationList = 2FC932F32DB0996900D52C10 /* Build configuration list for PBXNativeTarget "Lab3-button" */;
			buildPhases = (
				2FC932C62DB0996700D52C10 /* Sources */,
				2FC932C72DB0996700D52C10 /* Frameworks */,
				2FC932C82DB0996700D52C10 /* Resources */,
			);
			buildRules = (
			);
			dependencies = (
			);
			fileSystemSynchronizedGroups = (
				2FC932CC2DB0996700D52C10 /* Lab3-button */,
			);
			name = "Lab3-button";
			packageProductDependencies = (
			);
			productName = "Lab3-button";
			productReference = 2FC932CA2DB0996700D52C10 /* Lab3-button.app */;
			productType = "com.apple.product-type.application";
		};
		2FC932DF2DB0996900D52C10 /* Lab3-buttonTests */ = {
			isa = PBXNativeTarget;
			buildConfigurationList = 2FC932F82DB0996900D52C10 /* Build configuration list for PBXNativeTarget "Lab3-buttonTests" */;
			buildPhases = (
				2FC932DC2DB0996900D52C10 /* Sources */,
				2FC932DD2DB0996900D52C10 /* Frameworks */,
				2FC932DE2DB0996900D52C10 /* Resources */,
			);
			buildRules = (
			);
			dependencies = (
				2FC932E22DB0996900D52C10 /* PBXTargetDependency */,
			);
			fileSystemSynchronizedGroups = (
				2FC932E32DB0996900D52C10 /* Lab3-buttonTests */,
			);
			name = "Lab3-buttonTests";
			packageProductDependencies = (
			);
			productName = "Lab3-buttonTests";
			productReference = 2FC932E02DB0996900D52C10 /* Lab3-buttonTests.xctest */;
			productType = "com.apple.product-type.bundle.unit-test";
		};
		2FC932E92DB0996900D52C10 /* Lab3-buttonUITests */ = {
			isa = PBXNativeTarget;
			buildConfigurationList = 2FC932FB2DB0996900D52C10 /* Build configuration list for PBXNativeTarget "Lab3-buttonUITests" */;
			buildPhases = (
				2FC932E62DB0996900D52C10 /* Sources */,
				2FC932E72DB0996900D52C10 /* Frameworks */,
				2FC932E82DB0996900D52C10 /* Resources */,
			);
			buildRules = (
			);
			dependencies = (
				2FC932EC2DB0996900D52C10 /* PBXTargetDependency */,
			);
			fileSystemSynchronizedGroups = (
				2FC932ED2DB0996900D52C10 /* Lab3-buttonUITests */,
			);
			name = "Lab3-buttonUITests";
			packageProductDependencies = (
			);
			productName = "Lab3-buttonUITests";
			productReference = 2FC932EA2DB0996900D52C10 /* Lab3-buttonUITests.xctest */;
			productType = "com.apple.product-type.bundle.ui-testing";
		};
/* End PBXNativeTarget section */

/* Begin PBXProject section */
		2FC932C22DB0996700D52C10 /* Project object */ = {
			isa = PBXProject;
			attributes = {
				BuildIndependentTargetsInParallel = 1;
				LastSwiftUpdateCheck = 1630;
				LastUpgradeCheck = 1630;
				TargetAttributes = {
					2FC932C92DB0996700D52C10 = {
						CreatedOnToolsVersion = 16.3;
					};
					2FC932DF2DB0996900D52C10 = {
						CreatedOnToolsVersion = 16.3;
						TestTargetID = 2FC932C92DB0996700D52C10;
					};
					2FC932E92DB0996900D52C10 = {
						CreatedOnToolsVersion = 16.3;
						TestTargetID = 2FC932C92DB0996700D52C10;
					};
				};
			};
			buildConfigurationList = 2FC932C52DB0996700D52C10 /* Build configuration list for PBXProject "Lab3-button" */;
			developmentRegion = en;
			hasScannedForEncodings = 0;
			knownRegions = (
				en,
				Base,
			);
			mainGroup = 2FC932C12DB0996700D52C10;
			minimizedProjectReferenceProxies = 1;
			preferredProjectObjectVersion = 77;
			productRefGroup = 2FC932CB2DB0996700D52C10 /* Products */;
			projectDirPath = "";
			projectRoot = "";
			targets = (
				2FC932C92DB0996700D52C10 /* Lab3-button */,
				2FC932DF2DB0996900D52C10 /* Lab3-buttonTests */,
				2FC932E92DB0996900D52C10 /* Lab3-buttonUITests */,
			);
		};
/* End PBXProject section */

/* Begin PBXResourcesBuildPhase section */
		2FC932C82DB0996700D52C10 /* Resources */ = {
			isa = PBXResourcesBuildPhase;
			buildActionMask = 2147483647;
			files = (
			);
			runOnlyForDeploymentPostprocessing = 0;
		};
		2FC932DE2DB0996900D52C10 /* Resources */ = {
			isa = PBXResourcesBuildPhase;
			buildActionMask = 2147483647;
			files = (
			);
			runOnlyForDeploymentPostprocessing = 0;
		};
		2FC932E82DB0996900D52C10 /* Resources */ = {
			isa = PBXResourcesBuildPhase;
			buildActionMask = 2147483647;
			files = (
			);
			runOnlyForDeploymentPostprocessing = 0;
		};
/* End PBXResourcesBuildPhase section */

/* Begin PBXSourcesBuildPhase section */
		2FC932C62DB0996700D52C10 /* Sources */ = {
			isa = PBXSourcesBuildPhase;
			buildActionMask = 2147483647;
			files = (
			);
			runOnlyForDeploymentPostprocessing = 0;
		};
		2FC932DC2DB0996900D52C10 /* Sources */ = {
			isa = PBXSourcesBuildPhase;
			buildActionMask = 2147483647;
			files = (
			);
			runOnlyForDeploymentPostprocessing = 0;
		};
		2FC932E62DB0996900D52C10 /* Sources */ = {
			isa = PBXSourcesBuildPhase;
			buildActionMask = 2147483647;
			files = (
			);
			runOnlyForDeploymentPostprocessing = 0;
		};
/* End PBXSourcesBuildPhase section */

/* Begin PBXTargetDependency section */
		2FC932E22DB0996900D52C10 /* PBXTargetDependency */ = {
			isa = PBXTargetDependency;
			target = 2FC932C92DB0996700D52C10 /* Lab3-button */;
			targetProxy = 2FC932E12DB0996900D52C10 /* PBXContainerItemProxy */;
		};
		2FC932EC2DB0996900D52C10 /* PBXTargetDependency */ = {
			isa = PBXTargetDependency;
			target = 2FC932C92DB0996700D52C10 /* Lab3-button */;
			targetProxy = 2FC932EB2DB0996900D52C10 /* PBXContainerItemProxy */;
		};
/* End PBXTargetDependency section */

/* Begin XCBuildConfiguration section */
		2FC932F42DB0996900D52C10 /* Debug */ = {
			isa = XCBuildConfiguration;
			buildSettings = {
				ASSETCATALOG_COMPILER_APPICON_NAME = AppIcon;
				ASSETCATALOG_COMPILER_GLOBAL_ACCENT_COLOR_NAME = AccentColor;
				CODE_SIGN_STYLE = Automatic;
				CURRENT_PROJECT_VERSION = 1;
				GENERATE_INFOPLIST_FILE = YES;
				INFOPLIST_FILE = "Lab3-button/Info.plist";
				INFOPLIST_KEY_UIApplicationSupportsIndirectInputEvents = YES;
				INFOPLIST_KEY_UILaunchStoryboardName = LaunchScreen;
				INFOPLIST_KEY_UIMainStoryboardFile = Main;
				INFOPLIST_KEY_UISupportedInterfaceOrientations_iPad = "UIInterfaceOrientationPortrait UIInterfaceOrientationPortraitUpsideDown UIInterfaceOrientationLandscapeLeft UIInterfaceOrientationLandscapeRight";
				INFOPLIST_KEY_UISupportedInterfaceOrientations_iPhone = "UIInterfaceOrientationPortrait UIInterfaceOrientationLandscapeLeft UIInterfaceOrientationLandscapeRight";
				LD_RUNPATH_SEARCH_PATHS = (
					"$(inherited)",
					"@executable_path/Frameworks",
				);
				MARKETING_VERSION = 1.0;
				PRODUCT_BUNDLE_IDENTIFIER = "edu.uw.ischool.osapp2.Lab3-button";
				PRODUCT_NAME = "$(TARGET_NAME)";
				SWIFT_EMIT_LOC_STRINGS = YES;
				SWIFT_VERSION = 5.0;
				TARGETED_DEVICE_FAMILY = "1,2";
			};
			name = Debug;
		};
		2FC932F52DB0996900D52C10 /* Release */ = {
			isa = XCBuildConfiguration;
			buildSettings = {
				ASSETCATALOG_COMPILER_APPICON_NAME = AppIcon;
				ASSETCATALOG_COMPILER_GLOBAL_ACCENT_COLOR_NAME = AccentColor;
				CODE_SIGN_STYLE = Automatic;
				CURRENT_PROJECT_VERSION = 1;
				GENERATE_INFOPLIST_FILE = YES;
				INFOPLIST_FILE = "Lab3-button/Info.plist";
				INFOPLIST_KEY_UIApplicationSupportsIndirectInputEvents = YES;
				INFOPLIST_KEY_UILaunchStoryboardName = LaunchScreen;
				INFOPLIST_KEY_UIMainStoryboardFile = Main;
				INFOPLIST_KEY_UISupportedInterfaceOrientations_iPad = "UIInterfaceOrientationPortrait UIInterfaceOrientationPortraitUpsideDown UIInterfaceOrientationLandscapeLeft UIInterfaceOrientationLandscapeRight";
				INFOPLIST_KEY_UISupportedInterfaceOrientations_iPhone = "UIInterfaceOrientationPortrait UIInterfaceOrientationLandscapeLeft UIInterfaceOrientationLandscapeRight";
				LD_RUNPATH_SEARCH_PATHS = (
					"$(inherited)",
					"@executable_path/Frameworks",
				);
				MARKETING_VERSION = 1.0;
				PRODUCT_BUNDLE_IDENTIFIER = "edu.uw.ischool.osapp2.Lab3-button";
				PRODUCT_NAME = "$(TARGET_NAME)";
				SWIFT_EMIT_LOC_STRINGS = YES;
				SWIFT_VERSION = 5.0;
				TARGETED_DEVICE_FAMILY = "1,2";
			};
			name = Release;
		};
		2FC932F62DB0996900D52C10 /* Debug */ = {
			isa = XCBuildConfiguration;
			buildSettings = {
				ALWAYS_SEARCH_USER_PATHS = NO;
				ASSETCATALOG_COMPILER_GENERATE_SWIFT_ASSET_SYMBOL_EXTENSIONS = YES;
				CLANG_ANALYZER_NONNULL = YES;
				CLANG_ANALYZER_NUMBER_OBJECT_CONVERSION = YES_AGGRESSIVE;
				CLANG_CXX_LANGUAGE_STANDARD = "gnu++20";
				CLANG_ENABLE_MODULES = YES;
				CLANG_ENABLE_OBJC_ARC = YES;
				CLANG_ENABLE_OBJC_WEAK = YES;
				CLANG_WARN_BLOCK_CAPTURE_AUTORELEASING = YES;
				CLANG_WARN_BOOL_CONVERSION = YES;
				CLANG_WARN_COMMA = YES;
				CLANG_WARN_CONSTANT_CONVERSION = YES;
				CLANG_WARN_DEPRECATED_OBJC_IMPLEMENTATIONS = YES;
				CLANG_WARN_DIRECT_OBJC_ISA_USAGE = YES_ERROR;
				CLANG_WARN_DOCUMENTATION_COMMENTS = YES;
				CLANG_WARN_EMPTY_BODY = YES;
				CLANG_WARN_ENUM_CONVERSION = YES;
				CLANG_WARN_INFINITE_RECURSION = YES;
				CLANG_WARN_INT_CONVERSION = YES;
				CLANG_WARN_NON_LITERAL_NULL_CONVERSION = YES;
				CLANG_WARN_OBJC_IMPLICIT_RETAIN_SELF = YES;
				CLANG_WARN_OBJC_LITERAL_CONVERSION = YES;
				CLANG_WARN_OBJC_ROOT_CLASS = YES_ERROR;
				CLANG_WARN_QUOTED_INCLUDE_IN_FRAMEWORK_HEADER = YES;
				CLANG_WARN_RANGE_LOOP_ANALYSIS = YES;
				CLANG_WARN_STRICT_PROTOTYPES = YES;
				CLANG_WARN_SUSPICIOUS_MOVE = YES;
				CLANG_WARN_UNGUARDED_AVAILABILITY = YES_AGGRESSIVE;
				CLANG_WARN_UNREACHABLE_CODE = YES;
				CLANG_WARN__DUPLICATE_METHOD_MATCH = YES;
				COPY_PHASE_STRIP = NO;
				DEBUG_INFORMATION_FORMAT = dwarf;
				ENABLE_STRICT_OBJC_MSGSEND = YES;
				ENABLE_TESTABILITY = YES;
				ENABLE_USER_SCRIPT_SANDBOXING = YES;
				GCC_C_LANGUAGE_STANDARD = gnu17;
				GCC_DYNAMIC_NO_PIC = NO;
				GCC_NO_COMMON_BLOCKS = YES;
				GCC_OPTIMIZATION_LEVEL = 0;
				GCC_PREPROCESSOR_DEFINITIONS = (
					"DEBUG=1",
					"$(inherited)",
				);
				GCC_WARN_64_TO_32_BIT_CONVERSION = YES;
				GCC_WARN_ABOUT_RETURN_TYPE = YES_ERROR;
				GCC_WARN_UNDECLARED_SELECTOR = YES;
				GCC_WARN_UNINITIALIZED_AUTOS = YES_AGGRESSIVE;
				GCC_WARN_UNUSED_FUNCTION = YES;
				GCC_WARN_UNUSED_VARIABLE = YES;
				IPHONEOS_DEPLOYMENT_TARGET = 18.4;
				LOCALIZATION_PREFERS_STRING_CATALOGS = YES;
				MTL_ENABLE_DEBUG_INFO = INCLUDE_SOURCE;
				MTL_FAST_MATH = YES;
				ONLY_ACTIVE_ARCH = YES;
				SDKROOT = iphoneos;
				SWIFT_ACTIVE_COMPILATION_CONDITIONS = "DEBUG $(inherited)";
				SWIFT_OPTIMIZATION_LEVEL = "-Onone";
			};
			name = Debug;
		};
		2FC932F72DB0996900D52C10 /* Release */ = {
			isa = XCBuildConfiguration;
			buildSettings = {
				ALWAYS_SEARCH_USER_PATHS = NO;
				ASSETCATALOG_COMPILER_GENERATE_SWIFT_ASSET_SYMBOL_EXTENSIONS = YES;
				CLANG_ANALYZER_NONNULL = YES;
				CLANG_ANALYZER_NUMBER_OBJECT_CONVERSION = YES_AGGRESSIVE;
				CLANG_CXX_LANGUAGE_STANDARD = "gnu++20";
				CLANG_ENABLE_MODULES = YES;
				CLANG_ENABLE_OBJC_ARC = YES;
				CLANG_ENABLE_OBJC_WEAK = YES;
				CLANG_WARN_BLOCK_CAPTURE_AUTORELEASING = YES;
				CLANG_WARN_BOOL_CONVERSION = YES;
				CLANG_WARN_COMMA = YES;
				CLANG_WARN_CONSTANT_CONVERSION = YES;
				CLANG_WARN_DEPRECATED_OBJC_IMPLEMENTATIONS = YES;
				CLANG_WARN_DIRECT_OBJC_ISA_USAGE = YES_ERROR;
				CLANG_WARN_DOCUMENTATION_COMMENTS = YES;
				CLANG_WARN_EMPTY_BODY = YES;
				CLANG_WARN_ENUM_CONVERSION = YES;
				CLANG_WARN_INFINITE_RECURSION = YES;
				CLANG_WARN_INT_CONVERSION = YES;
				CLANG_WARN_NON_LITERAL_NULL_CONVERSION = YES;
				CLANG_WARN_OBJC_IMPLICIT_RETAIN_SELF = YES;
				CLANG_WARN_OBJC_LITERAL_CONVERSION = YES;
				CLANG_WARN_OBJC_ROOT_CLASS = YES_ERROR;
				CLANG_WARN_QUOTED_INCLUDE_IN_FRAMEWORK_HEADER = YES;
				CLANG_WARN_RANGE_LOOP_ANALYSIS = YES;
				CLANG_WARN_STRICT_PROTOTYPES = YES;
				CLANG_WARN_SUSPICIOUS_MOVE = YES;
				CLANG_WARN_UNGUARDED_AVAILABILITY = YES_AGGRESSIVE;
				CLANG_WARN_UNREACHABLE_CODE = YES;
				CLANG_WARN__DUPLICATE_METHOD_MATCH = YES;
				COPY_PHASE_STRIP = NO;
				DEBUG_INFORMATION_FORMAT = "dwarf-with-dsym";
				ENABLE_NS_ASSERTIONS = NO;
				ENABLE_STRICT_OBJC_MSGSEND = YES;
				ENABLE_USER_SCRIPT_SANDBOXING = YES;
				GCC_C_LANGUAGE_STANDARD = gnu17;
				GCC_NO_COMMON_BLOCKS = YES;
				GCC_WARN_64_TO_32_BIT_CONVERSION = YES;
				GCC_WARN_ABOUT_RETURN_TYPE = YES_ERROR;
				GCC_WARN_UNDECLARED_SELECTOR = YES;
				GCC_WARN_UNINITIALIZED_AUTOS = YES_AGGRESSIVE;
				GCC_WARN_UNUSED_FUNCTION = YES;
				GCC_WARN_UNUSED_VARIABLE = YES;
				IPHONEOS_DEPLOYMENT_TARGET = 18.4;
				LOCALIZATION_PREFERS_STRING_CATALOGS = YES;
				MTL_ENABLE_DEBUG_INFO = NO;
				MTL_FAST_MATH = YES;
				SDKROOT = iphoneos;
				SWIFT_COMPILATION_MODE = wholemodule;
				VALIDATE_PRODUCT = YES;
			};
			name = Release;
		};
		2FC932F92DB0996900D52C10 /* Debug */ = {
			isa = XCBuildConfiguration;
			buildSettings = {
				BUNDLE_LOADER = "$(TEST_HOST)";
				CODE_SIGN_STYLE = Automatic;
				CURRENT_PROJECT_VERSION = 1;
				GENERATE_INFOPLIST_FILE = YES;
				IPHONEOS_DEPLOYMENT_TARGET = 18.4;
				MARKETING_VERSION = 1.0;
				PRODUCT_BUNDLE_IDENTIFIER = "edu.uw.ischool.osapp2.Lab3-buttonTests";
				PRODUCT_NAME = "$(TARGET_NAME)";
				SWIFT_EMIT_LOC_STRINGS = NO;
				SWIFT_VERSION = 5.0;
				TARGETED_DEVICE_FAMILY = "1,2";
				TEST_HOST = "$(BUILT_PRODUCTS_DIR)/Lab3-button.app/$(BUNDLE_EXECUTABLE_FOLDER_PATH)/Lab3-button";
			};
			name = Debug;
		};
		2FC932FA2DB0996900D52C10 /* Release */ = {
			isa = XCBuildConfiguration;
			buildSettings = {
				BUNDLE_LOADER = "$(TEST_HOST)";
				CODE_SIGN_STYLE = Automatic;
				CURRENT_PROJECT_VERSION = 1;
				GENERATE_INFOPLIST_FILE = YES;
				IPHONEOS_DEPLOYMENT_TARGET = 18.4;
				MARKETING_VERSION = 1.0;
				PRODUCT_BUNDLE_IDENTIFIER = "edu.uw.ischool.osapp2.Lab3-buttonTests";
				PRODUCT_NAME = "$(TARGET_NAME)";
				SWIFT_EMIT_LOC_STRINGS = NO;
				SWIFT_VERSION = 5.0;
				TARGETED_DEVICE_FAMILY = "1,2";
				TEST_HOST = "$(BUILT_PRODUCTS_DIR)/Lab3-button.app/$(BUNDLE_EXECUTABLE_FOLDER_PATH)/Lab3-button";
			};
			name = Release;
		};
		2FC932FC2DB0996900D52C10 /* Debug */ = {
			isa = XCBuildConfiguration;
			buildSettings = {
				CODE_SIGN_STYLE = Automatic;
				CURRENT_PROJECT_VERSION = 1;
				GENERATE_INFOPLIST_FILE = YES;
				MARKETING_VERSION = 1.0;
				PRODUCT_BUNDLE_IDENTIFIER = "edu.uw.ischool.osapp2.Lab3-buttonUITests";
				PRODUCT_NAME = "$(TARGET_NAME)";
				SWIFT_EMIT_LOC_STRINGS = NO;
				SWIFT_VERSION = 5.0;
				TARGETED_DEVICE_FAMILY = "1,2";
				TEST_TARGET_NAME = "Lab3-button";
			};
			name = Debug;
		};
		2FC932FD2DB0996900D52C10 /* Release */ = {
			isa = XCBuildConfiguration;
			buildSettings = {
				CODE_SIGN_STYLE = Automatic;
				CURRENT_PROJECT_VERSION = 1;
				GENERATE_INFOPLIST_FILE = YES;
				MARKETING_VERSION = 1.0;
				PRODUCT_BUNDLE_IDENTIFIER = "edu.uw.ischool.osapp2.Lab3-buttonUITests";
				PRODUCT_NAME = "$(TARGET_NAME)";
				SWIFT_EMIT_LOC_STRINGS = NO;
				SWIFT_VERSION = 5.0;
				TARGETED_DEVICE_FAMILY = "1,2";
				TEST_TARGET_NAME = "Lab3-button";
			};
			name = Release;
		};
/* End XCBuildConfiguration section */

/* Begin XCConfigurationList section */
		2FC932C52DB0996700D52C10 /* Build configuration list for PBXProject "Lab3-button" */ = {
			isa = XCConfigurationList;
			buildConfigurations = (
				2FC932F62DB0996900D52C10 /* Debug */,
				2FC932F72DB0996900D52C10 /* Release */,
			);
			defaultConfigurationIsVisible = 0;
			defaultConfigurationName = Release;
		};
		2FC932F32DB0996900D52C10 /* Build configuration list for PBXNativeTarget "Lab3-button" */ = {
			isa = XCConfigurationList;
			buildConfigurations = (
				2FC932F42DB0996900D52C10 /* Debug */,
				2FC932F52DB0996900D52C10 /* Release */,
			);
			defaultConfigurationIsVisible = 0;
			defaultConfigurationName = Release;
		};
		2FC932F82DB0996900D52C10 /* Build configuration list for PBXNativeTarget "Lab3-buttonTests" */ = {
			isa = XCConfigurationList;
			buildConfigurations = (
				2FC932F92DB0996900D52C10 /* Debug */,
				2FC932FA2DB0996900D52C10 /* Release */,
			);
			defaultConfigurationIsVisible = 0;
			defaultConfigurationName = Release;
		};
		2FC932FB2DB0996900D52C10 /* Build configuration list for PBXNativeTarget "Lab3-buttonUITests" */ = {
			isa = XCConfigurationList;
			buildConfigurations = (
				2FC932FC2DB0996900D52C10 /* Debug */,
				2FC932FD2DB0996900D52C10 /* Release */,
			);
			defaultConfigurationIsVisible = 0;
			defaultConfigurationName = Release;
		};
/* End XCConfigurationList section */
	};
	rootObject = 2FC932C22DB0996700D52C10 /* Project object */;
}
